// !$*UTF8*$!
{
	archiveVersion = 1;
	classes = {
	};
	objectVersion = 46;
	objects = {

/* Begin PBXBuildFile section */
		32EBF61F1E5973D400C652EC /* AppDelegate.swift in Sources */ = {isa = PBXBuildFile; fileRef = 32EBF61E1E5973D400C652EC /* AppDelegate.swift */; };
		32EBF6211E5973D400C652EC /* ViewController.swift in Sources */ = {isa = PBXBuildFile; fileRef = 32EBF6201E5973D400C652EC /* ViewController.swift */; };
		32EBF6241E5973D400C652EC /* Main.storyboard in Resources */ = {isa = PBXBuildFile; fileRef = 32EBF6221E5973D400C652EC /* Main.storyboard */; };
		32EBF6271E5973D400C652EC /* coreToDoApp.xcdatamodeld in Sources */ = {isa = PBXBuildFile; fileRef = 32EBF6251E5973D400C652EC /* coreToDoApp.xcdatamodeld */; };
		32EBF6291E5973D400C652EC /* Assets.xcassets in Resources */ = {isa = PBXBuildFile; fileRef = 32EBF6281E5973D400C652EC /* Assets.xcassets */; };
		32EBF62C1E5973D400C652EC /* LaunchScreen.storyboard in Resources */ = {isa = PBXBuildFile; fileRef = 32EBF62A1E5973D400C652EC /* LaunchScreen.storyboard */; };
		32EBF6341E59770900C652EC /* AddTaskViewController.swift in Sources */ = {isa = PBXBuildFile; fileRef = 32EBF6331E59770900C652EC /* AddTaskViewController.swift */; };
/* End PBXBuildFile section */

/* Begin PBXFileReference section */
		32EBF61B1E5973D400C652EC /* coreToDoApp.app */ = {isa = PBXFileReference; explicitFileType = wrapper.application; includeInIndex = 0; path = coreToDoApp.app; sourceTree = BUILT_PRODUCTS_DIR; };
		32EBF61E1E5973D400C652EC /* AppDelegate.swift */ = {isa = PBXFileReference; lastKnownFileType = sourcecode.swift; path = AppDelegate.swift; sourceTree = "<group>"; };
		32EBF6201E5973D400C652EC /* ViewController.swift */ = {isa = PBXFileReference; lastKnownFileType = sourcecode.swift; path = ViewController.swift; sourceTree = "<group>"; };
		32EBF6231E5973D400C652EC /* Base */ = {isa = PBXFileReference; lastKnownFileType = file.storyboard; name = Base; path = Base.lproj/Main.storyboard; sourceTree = "<group>"; };
		32EBF6261E5973D400C652EC /* coreToDoApp.xcdatamodel */ = {isa = PBXFileReference; lastKnownFileType = wrapper.xcdatamodel; path = coreToDoApp.xcdatamodel; sourceTree = "<group>"; };
		32EBF6281E5973D400C652EC /* Assets.xcassets */ = {isa = PBXFileReference; lastKnownFileType = folder.assetcatalog; path = Assets.xcassets; sourceTree = "<group>"; };
		32EBF62B1E5973D400C652EC /* Base */ = {isa = PBXFileReference; lastKnownFileType = file.storyboard; name = Base; path = Base.lproj/LaunchScreen.storyboard; sourceTree = "<group>"; };
		32EBF62D1E5973D400C652EC /* Info.plist */ = {isa = PBXFileReference; lastKnownFileType = text.plist.xml; path = Info.plist; sourceTree = "<group>"; };
		32EBF6331E59770900C652EC /* AddTaskViewController.swift */ = {isa = PBXFileReference; fileEncoding = 4; lastKnownFileType = sourcecode.swift; path = AddTaskViewController.swift; sourceTree = "<group>"; };
/* End PBXFileReference section */

/* Begin PBXFrameworksBuildPhase section */
		32EBF6181E5973D400C652EC /* Frameworks */ = {
			isa = PBXFrameworksBuildPhase;
			buildActionMask = 2147483647;
			files = (
			);
			runOnlyForDeploymentPostprocessing = 0;
		};
/* End PBXFrameworksBuildPhase section */

/* Begin PBXGroup section */
		32EBF6121E5973D400C652EC = {
			isa = PBXGroup;
			children = (
				32EBF61D1E5973D400C652EC /* coreToDoApp */,
				32EBF61C1E5973D400C652EC /* Products */,
			);
			sourceTree = "<group>";
		};
		32EBF61C1E5973D400C652EC /* Products */ = {
			isa = PBXGroup;
			children = (
				32EBF61B1E5973D400C652EC /* coreToDoApp.app */,
			);
			name = Products;
			sourceTree = "<group>";
		};
		32EBF61D1E5973D400C652EC /* coreToDoApp */ = {
			isa = PBXGroup;
			children = (
				32EBF61E1E5973D400C652EC /* AppDelegate.swift */,
				32EBF6201E5973D400C652EC /* ViewController.swift */,
				32EBF6331E59770900C652EC /* AddTaskViewController.swift */,
				32EBF6221E5973D400C652EC /* Main.storyboard */,
				32EBF6281E5973D400C652EC /* Assets.xcassets */,
				32EBF62A1E5973D400C652EC /* LaunchScreen.storyboard */,
				32EBF62D1E5973D400C652EC /* Info.plist */,
				32EBF6251E5973D400C652EC /* coreToDoApp.xcdatamodeld */,
			);
			path = coreToDoApp;
			sourceTree = "<group>";
		};
/* End PBXGroup section */

/* Begin PBXNativeTarget section */
		32EBF61A1E5973D400C652EC /* coreToDoApp */ = {
			isa = PBXNativeTarget;
			buildConfigurationList = 32EBF6301E5973D400C652EC /* Build configuration list for PBXNativeTarget "coreToDoApp" */;
			buildPhases = (
				32EBF6171E5973D400C652EC /* Sources */,
				32EBF6181E5973D400C652EC /* Frameworks */,
				32EBF6191E5973D400C652EC /* Resources */,
			);
			buildRules = (
			);
			dependencies = (
			);
			name = coreToDoApp;
			productName = coreToDoApp;
			productReference = 32EBF61B1E5973D400C652EC /* coreToDoApp.app */;
			productType = "com.apple.product-type.application";
		};
/* End PBXNativeTarget section */

/* Begin PBXProject section */
		32EBF6131E5973D400C652EC /* Project object */ = {
			isa = PBXProject;
			attributes = {
				LastSwiftUpdateCheck = 0810;
				LastUpgradeCheck = 0810;
				ORGANIZATIONNAME = "Vinoth Sridharan";
				TargetAttributes = {
					32EBF61A1E5973D400C652EC = {
						CreatedOnToolsVersion = 8.1;
						ProvisioningStyle = Automatic;
					};
				};
			};
			buildConfigurationList = 32EBF6161E5973D400C652EC /* Build configuration list for PBXProject "coreToDoApp" */;
			compatibilityVersion = "Xcode 3.2";
			developmentRegion = English;
			hasScannedForEncodings = 0;
			knownRegions = (
				en,
				Base,
			);
			mainGroup = 32EBF6121E5973D400C652EC;
			productRefGroup = 32EBF61C1E5973D400C652EC /* Products */;
			projectDirPath = "";
			projectRoot = "";
			targets = (
				32EBF61A1E5973D400C652EC /* coreToDoApp */,
			);
		};
/* End PBXProject section */

/* Begin PBXResourcesBuildPhase section */
		32EBF6191E5973D400C652EC /* Resources */ = {
			isa = PBXResourcesBuildPhase;
			buildActionMask = 2147483647;
			files = (
				32EBF62C1E5973D400C652EC /* LaunchScreen.storyboard in Resources */,
				32EBF6291E5973D400C652EC /* Assets.xcassets in Resources */,
				32EBF6241E5973D400C652EC /* Main.storyboard in Resources */,
			);
			runOnlyForDeploymentPostprocessing = 0;
		};
/* End PBXResourcesBuildPhase section */

/* Begin PBXSourcesBuildPhase section */
		32EBF6171E5973D400C652EC /* Sources */ = {
			isa = PBXSourcesBuildPhase;
			buildActionMask = 2147483647;
			files = (
				32EBF6211E5973D400C652EC /* ViewController.swift in Sources */,
				32EBF6341E59770900C652EC /* AddTaskViewController.swift in Sources */,
				32EBF61F1E5973D400C652EC /* AppDelegate.swift in Sources */,
				32EBF6271E5973D400C652EC /* coreToDoApp.xcdatamodeld in Sources */,
			);
			runOnlyForDeploymentPostprocessing = 0;
		};
/* End PBXSourcesBuildPhase section */

/* Begin PBXVariantGroup section */
		32EBF6221E5973D400C652EC /* Main.storyboard */ = {
			isa = PBXVariantGroup;
			children = (
				32EBF6231E5973D400C652EC /* Base */,
			);
			name = Main.storyboard;
			sourceTree = "<group>";
		};
		32EBF62A1E5973D400C652EC /* LaunchScreen.storyboard */ = {
			isa = PBXVariantGroup;
			children = (
				32EBF62B1E5973D400C652EC /* Base */,
			);
			name = LaunchScreen.storyboard;
			sourceTree = "<group>";
		};
/* End PBXVariantGroup section */

/* Begin XCBuildConfiguration section */
		32EBF62E1E5973D400C652EC /* Debug */ = {
			isa = XCBuildConfiguration;
			buildSettings = {
				ALWAYS_SEARCH_USER_PATHS = NO;
				CLANG_ANALYZER_NONNULL = YES;
				CLANG_CXX_LANGUAGE_STANDARD = "gnu++0x";
				CLANG_CXX_LIBRARY = "libc++";
				CLANG_ENABLE_MODULES = YES;
				CLANG_ENABLE_OBJC_ARC = YES;
				CLANG_WARN_BOOL_CONVERSION = YES;
				CLANG_WARN_CONSTANT_CONVERSION = YES;
				CLANG_WARN_DIRECT_OBJC_ISA_USAGE = YES_ERROR;
				CLANG_WARN_DOCUMENTATION_COMMENTS = YES;
				CLANG_WARN_EMPTY_BODY = YES;
				CLANG_WARN_ENUM_CONVERSION = YES;
				CLANG_WARN_INFINITE_RECURSION = YES;
				CLANG_WARN_INT_CONVERSION = YES;
				CLANG_WARN_OBJC_ROOT_CLASS = YES_ERROR;
				CLANG_WARN_SUSPICIOUS_MOVES = YES;
				CLANG_WARN_UNREACHABLE_CODE = YES;
				CLANG_WARN__DUPLICATE_METHOD_MATCH = YES;
				"CODE_SIGN_IDENTITY[sdk=iphoneos*]" = "iPhone Developer";
				COPY_PHASE_STRIP = NO;
				DEBUG_INFORMATION_FORMAT = dwarf;
				ENABLE_STRICT_OBJC_MSGSEND = YES;
				ENABLE_TESTABILITY = YES;
				GCC_C_LANGUAGE_STANDARD = gnu99;
				GCC_DYNAMIC_NO_PIC = NO;
				GCC_NO_COMMON_BLOCKS = YES;
				GCC_OPTIMIZATION_LEVEL = 0;
				GCC_PREPROCESSOR_DEFINITIONS = (
					"DEBUG=1",
					"$(inherited)",
				);
				GCC_WARN_64_TO_32_BIT_CONVERSION = YES;
				GCC_WARN_ABOUT_RETURN_TYPE = YES_ERROR;
				GCC_WARN_UNDECLARED_SELECTOR = YES;
				GCC_WARN_UNINITIALIZED_AUTOS = YES_AGGRESSIVE;
				GCC_WARN_UNUSED_FUNCTION = YES;
				GCC_WARN_UNUSED_VARIABLE = YES;
				IPHONEOS_DEPLOYMENT_TARGET = 10.1;
				MTL_ENABLE_DEBUG_INFO = YES;
				ONLY_ACTIVE_ARCH = YES;
				SDKROOT = iphoneos;
				SWIFT_ACTIVE_COMPILATION_CONDITIONS = DEBUG;
				SWIFT_OPTIMIZATION_LEVEL = "-Onone";
			};
			name = Debug;
		};
		32EBF62F1E5973D400C652EC /* Release */ = {
			isa = XCBuildConfiguration;
			buildSettings = {
				ALWAYS_SEARCH_USER_PATHS = NO;
				CLANG_ANALYZER_NONNULL = YES;
				CLANG_CXX_LANGUAGE_STANDARD = "gnu++0x";
				CLANG_CXX_LIBRARY = "libc++";
				CLANG_ENABLE_MODULES = YES;
				CLANG_ENABLE_OBJC_ARC = YES;
				CLANG_WARN_BOOL_CONVERSION = YES;
				CLANG_WARN_CONSTANT_CONVERSION = YES;
				CLANG_WARN_DIRECT_OBJC_ISA_USAGE = YES_ERROR;
				CLANG_WARN_DOCUMENTATION_COMMENTS = YES;
				CLANG_WARN_EMPTY_BODY = YES;
				CLANG_WARN_ENUM_CONVERSION = YES;
				CLANG_WARN_INFINITE_RECURSION = YES;
				CLANG_WARN_INT_CONVERSION = YES;
				CLANG_WARN_OBJC_ROOT_CLASS = YES_ERROR;
				CLANG_WARN_SUSPICIOUS_MOVES = YES;
				CLANG_WARN_UNREACHABLE_CODE = YES;
				CLANG_WARN__DUPLICATE_METHOD_MATCH = YES;
				"CODE_SIGN_IDENTITY[sdk=iphoneos*]" = "iPhone Developer";
				COPY_PHASE_STRIP = NO;
				DEBUG_INFORMATION_FORMAT = "dwarf-with-dsym";
				ENABLE_NS_ASSERTIONS = NO;
				ENABLE_STRICT_OBJC_MSGSEND = YES;
				GCC_C_LANGUAGE_STANDARD = gnu99;
				GCC_NO_COMMON_BLOCKS = YES;
				GCC_WARN_64_TO_32_BIT_CONVERSION = YES;
				GCC_WARN_ABOUT_RETURN_TYPE = YES_ERROR;
				GCC_WARN_UNDECLARED_SELECTOR = YES;
				GCC_WARN_UNINITIALIZED_AUTOS = YES_AGGRESSIVE;
				GCC_WARN_UNUSED_FUNCTION = YES;
				GCC_WARN_UNUSED_VARIABLE = YES;
				IPHONEOS_DEPLOYMENT_TARGET = 10.1;
				MTL_ENABLE_DEBUG_INFO = NO;
				SDKROOT = iphoneos;
				SWIFT_OPTIMIZATION_LEVEL = "-Owholemodule";
				VALIDATE_PRODUCT = YES;
			};
			name = Release;
		};
		32EBF6311E5973D400C652EC /* Debug */ = {
			isa = XCBuildConfiguration;
			buildSettings = {
				ASSETCATALOG_COMPILER_APPICON_NAME = AppIcon;
				INFOPLIST_FILE = coreToDoApp/Info.plist;
				LD_RUNPATH_SEARCH_PATHS = "$(inherited) @executable_path/Frameworks";
				PRODUCT_BUNDLE_IDENTIFIER = com.vsprojects.coreToDoApp;
				PRODUCT_NAME = "$(TARGET_NAME)";
				SWIFT_VERSION = 3.0;
			};
			name = Debug;
		};
		32EBF6321E5973D400C652EC /* Release */ = {
			isa = XCBuildConfiguration;
			buildSettings = {
				ASSETCATALOG_COMPILER_APPICON_NAME = AppIcon;
				INFOPLIST_FILE = coreToDoApp/Info.plist;
				LD_RUNPATH_SEARCH_PATHS = "$(inherited) @executable_path/Frameworks";
				PRODUCT_BUNDLE_IDENTIFIER = com.vsprojects.coreToDoApp;
				PRODUCT_NAME = "$(TARGET_NAME)";
				SWIFT_VERSION = 3.0;
			};
			name = Release;
		};
/* End XCBuildConfiguration section */

/* Begin XCConfigurationList section */
		32EBF6161E5973D400C652EC /* Build configuration list for PBXProject "coreToDoApp" */ = {
			isa = XCConfigurationList;
			buildConfigurations = (
				32EBF62E1E5973D400C652EC /* Debug */,
				32EBF62F1E5973D400C652EC /* Release */,
			);
			defaultConfigurationIsVisible = 0;
			defaultConfigurationName = Release;
		};
		32EBF6301E5973D400C652EC /* Build configuration list for PBXNativeTarget "coreToDoApp" */ = {
			isa = XCConfigurationList;
			buildConfigurations = (
				32EBF6311E5973D400C652EC /* Debug */,
				32EBF6321E5973D400C652EC /* Release */,
			);
			defaultConfigurationIsVisible = 0;
		};
/* End XCConfigurationList section */

/* Begin XCVersionGroup section */
		32EBF6251E5973D400C652EC /* coreToDoApp.xcdatamodeld */ = {
			isa = XCVersionGroup;
			children = (
				32EBF6261E5973D400C652EC /* coreToDoApp.xcdatamodel */,
			);
			currentVersion = 32EBF6261E5973D400C652EC /* coreToDoApp.xcdatamodel */;
			path = coreToDoApp.xcdatamodeld;
			sourceTree = "<group>";
			versionGroupType = wrapper.xcdatamodel;
		};
/* End XCVersionGroup section */
	};
	rootObject = 32EBF6131E5973D400C652EC /* Project object */;
}
